
Microsoft Visual Studio Solution File, Format Version 12.00
# Visual Studio Version 16
VisualStudioVersion = 16.0.31605.320
MinimumVisualStudioVersion = 10.0.40219.1
Project("{9A19103F-16F7-4668-BE54-9A1E7A4F7556}") = "Rocky", "..\Rocky\Rocky.csproj", "{98564A4D-AC3F-41DA-ACD3-BDEE89570EAA}"
EndProject
Project("{FAE04EC0-301F-11D3-BF4B-00C04F79EFBC}") = "RockyControllers.Tests", "RockyControllers.Tests\RockyControllers.Tests.csproj", "{D70321BD-0E87-402A-AA77-2CD3F7F658C8}"
EndProject
Global
	GlobalSection(SolutionConfigurationPlatforms) = preSolution
		Debug|Any CPU = Debug|Any CPU
		Release|Any CPU = Release|Any CPU
	EndGlobalSection
	GlobalSection(ProjectConfigurationPlatforms) = postSolution
		{98564A4D-AC3F-41DA-ACD3-BDEE89570EAA}.Debug|Any CPU.ActiveCfg = Debug|Any CPU
		{98564A4D-AC3F-41DA-ACD3-BDEE89570EAA}.Debug|Any CPU.Build.0 = Debug|Any CPU
		{98564A4D-AC3F-41DA-ACD3-BDEE89570EAA}.Release|Any CPU.ActiveCfg = Release|Any CPU
		{98564A4D-AC3F-41DA-ACD3-BDEE89570EAA}.Release|Any CPU.Build.0 = Release|Any CPU
		{D70321BD-0E87-402A-AA77-2CD3F7F658C8}.Debug|Any CPU.ActiveCfg = Debug|Any CPU
		{D70321BD-0E87-402A-AA77-2CD3F7F658C8}.Debug|Any CPU.Build.0 = Debug|Any CPU
		{D70321BD-0E87-402A-AA77-2CD3F7F658C8}.Release|Any CPU.ActiveCfg = Release|Any CPU
		{D70321BD-0E87-402A-AA77-2CD3F7F658C8}.Release|Any CPU.Build.0 = Release|Any CPU
	EndGlobalSection
	GlobalSection(SolutionProperties) = preSolution
		HideSolutionNode = FALSE
	EndGlobalSection
	GlobalSection(ExtensibilityGlobals) = postSolution
		SolutionGuid = {43734A11-DB07-41BC-A553-EC9F303DD7FE}
	EndGlobalSection
EndGlobal
