
Microsoft Visual Studio Solution File, Format Version 12.00
# Visual Studio Version 16
VisualStudioVersion = 16.0.31605.320
MinimumVisualStudioVersion = 10.0.40219.1
Project("{9A19103F-16F7-4668-BE54-9A1E7A4F7556}") = "Rocky", "Rocky\Rocky.csproj", "{98564A4D-AC3F-41DA-ACD3-BDEE89570EAA}"
EndProject
Project("{9A19103F-16F7-4668-BE54-9A1E7A4F7556}") = "Rocky_Utility", "Rocky_Utility\Rocky_Utility.csproj", "{4895F059-00A8-4722-9817-401EF215CEB3}"
EndProject
Project("{9A19103F-16F7-4668-BE54-9A1E7A4F7556}") = "Rocky_Models", "Rocky_Models\Rocky_Models.csproj", "{C39A2189-1C6F-4626-9C55-FBDE5EA278EF}"
EndProject
Project("{9A19103F-16F7-4668-BE54-9A1E7A4F7556}") = "Rocky_DataAccess", "Rocky_DataAccess\Rocky_DataAccess.csproj", "{0DDF3CC8-4186-40C9-A243-7E17EC6DB055}"
EndProject
Project("{FAE04EC0-301F-11D3-BF4B-00C04F79EFBC}") = "Rocky.Test", "Rocky.Test\Rocky.Test.csproj", "{A2721F12-CAEA-42C7-A865-8F986181DB47}"
EndProject
Global
	GlobalSection(SolutionConfigurationPlatforms) = preSolution
		Debug|Any CPU = Debug|Any CPU
		Release|Any CPU = Release|Any CPU
	EndGlobalSection
	GlobalSection(ProjectConfigurationPlatforms) = postSolution
		{98564A4D-AC3F-41DA-ACD3-BDEE89570EAA}.Debug|Any CPU.ActiveCfg = Debug|Any CPU
		{98564A4D-AC3F-41DA-ACD3-BDEE89570EAA}.Debug|Any CPU.Build.0 = Debug|Any CPU
		{98564A4D-AC3F-41DA-ACD3-BDEE89570EAA}.Release|Any CPU.ActiveCfg = Release|Any CPU
		{98564A4D-AC3F-41DA-ACD3-BDEE89570EAA}.Release|Any CPU.Build.0 = Release|Any CPU
		{4895F059-00A8-4722-9817-401EF215CEB3}.Debug|Any CPU.ActiveCfg = Debug|Any CPU
		{4895F059-00A8-4722-9817-401EF215CEB3}.Debug|Any CPU.Build.0 = Debug|Any CPU
		{4895F059-00A8-4722-9817-401EF215CEB3}.Release|Any CPU.ActiveCfg = Release|Any CPU
		{4895F059-00A8-4722-9817-401EF215CEB3}.Release|Any CPU.Build.0 = Release|Any CPU
		{C39A2189-1C6F-4626-9C55-FBDE5EA278EF}.Debug|Any CPU.ActiveCfg = Debug|Any CPU
		{C39A2189-1C6F-4626-9C55-FBDE5EA278EF}.Debug|Any CPU.Build.0 = Debug|Any CPU
		{C39A2189-1C6F-4626-9C55-FBDE5EA278EF}.Release|Any CPU.ActiveCfg = Release|Any CPU
		{C39A2189-1C6F-4626-9C55-FBDE5EA278EF}.Release|Any CPU.Build.0 = Release|Any CPU
		{0DDF3CC8-4186-40C9-A243-7E17EC6DB055}.Debug|Any CPU.ActiveCfg = Debug|Any CPU
		{0DDF3CC8-4186-40C9-A243-7E17EC6DB055}.Debug|Any CPU.Build.0 = Debug|Any CPU
		{0DDF3CC8-4186-40C9-A243-7E17EC6DB055}.Release|Any CPU.ActiveCfg = Release|Any CPU
		{0DDF3CC8-4186-40C9-A243-7E17EC6DB055}.Release|Any CPU.Build.0 = Release|Any CPU
		{A2721F12-CAEA-42C7-A865-8F986181DB47}.Debug|Any CPU.ActiveCfg = Debug|Any CPU
		{A2721F12-CAEA-42C7-A865-8F986181DB47}.Debug|Any CPU.Build.0 = Debug|Any CPU
		{A2721F12-CAEA-42C7-A865-8F986181DB47}.Release|Any CPU.ActiveCfg = Release|Any CPU
		{A2721F12-CAEA-42C7-A865-8F986181DB47}.Release|Any CPU.Build.0 = Release|Any CPU
	EndGlobalSection
	GlobalSection(SolutionProperties) = preSolution
		HideSolutionNode = FALSE
	EndGlobalSection
	GlobalSection(ExtensibilityGlobals) = postSolution
		SolutionGuid = {43734A11-DB07-41BC-A553-EC9F303DD7FE}
	EndGlobalSection
EndGlobal
